github.com/dl-alexandre/cimis-tsdb v1.0.0 h1:HU9YiZkHCXN4nCo5GpJPsLM+a0kOtNTnZeMupAGndTU=
github.com/dl-alexandre/cimis-tsdb v1.0.0/go.mod h1:OrbQqAaR9QcJtahDdVzjUEHXjmexRTApJWAk046edbA=
github.com/dl-alexandre/cli-tools v0.0.1 h1:ykpPAI7ZJ8TbKdYa7DcfV4/Zdyn2gfHT3bPikHhCyFY=
github.com/dl-alexandre/cli-tools v0.0.1/go.mod h1:t9ZnzRzHgx+4ZdcjoPI41fAtRasM05DaOJ53fGdwnfM=
github.com/klauspost/compress v1.18.6 h1:2jupLlAwFm95+YDR+NwD2MEfFO9d4z4Prjl1XXDjuao=
github.com/klauspost/compress v1.18.6/go.mod h1:cwPg85FWrGar70rWktvGQj8/hthj3wpl0PGDogxkrSQ=
github.com/mattn/go-sqlite3 v1.14.44 h1:3VSe+xafpbzsLbdr2AWlAZk9yRHiBhTBakioXaCKTF8=
github.com/mattn/go-sqlite3 v1.14.44/go.mod h1:pjEuOr8IwzLJP2MfGeTb0A35jauH+C2kbHKBr7yXKVQ=
