github.com/dl-alexandre/cimis-tsdb v1.0.0 h1:HU9YiZkHCXN4nCo5GpJPsLM+a0kOtNTnZeMupAGndTU=
github.com/dl-alexandre/cimis-tsdb v1.0.0/go.mod h1:OrbQqAaR9QcJtahDdVzjUEHXjmexRTApJWAk046edbA=
github.com/dl-alexandre/cli-tools v0.0.1 h1:ykpPAI7ZJ8TbKdYa7DcfV4/Zdyn2gfHT3bPikHhCyFY=
github.com/dl-alexandre/cli-tools v0.0.1/go.mod h1:t9ZnzRzHgx+4ZdcjoPI41fAtRasM05DaOJ53fGdwnfM=
github.com/klauspost/compress v1.19.0 h1:sXLILfc9jV2QYWkzFOPWStmcUVH2RHEB1JCdY2oVvCQ=
github.com/klauspost/compress v1.19.0/go.mod h1:cwPg85FWrGar70rWktvGQj8/hthj3wpl0PGDogxkrSQ=
github.com/mattn/go-sqlite3 v1.14.47 h1:jOBI62gS7nKeZv+as1oGEy0+1qISgXwH/QBlR6KbfIo=
github.com/mattn/go-sqlite3 v1.14.47/go.mod h1:6JTjA44L93a0QCyJef5YvlPoKXntQPjzWv5gtm9sB6w=
